// !$*UTF8*$!
{
	archiveVersion = 1;
	classes = {
	};
	objectVersion = 46;
	objects = {

/* Begin PBXBuildFile section */
		88951F81160BFF2C004195C3 /* UIKit.framework in Frameworks */ = {isa = PBXBuildFile; fileRef = 88951F80160BFF2C004195C3 /* UIKit.framework */; };
		88951F83160BFF2C004195C3 /* Foundation.framework in Frameworks */ = {isa = PBXBuildFile; fileRef = 88951F82160BFF2C004195C3 /* Foundation.framework */; };
		88951F85160BFF2C004195C3 /* CoreGraphics.framework in Frameworks */ = {isa = PBXBuildFile; fileRef = 88951F84160BFF2C004195C3 /* CoreGraphics.framework */; };
		88951F8B160BFF2C004195C3 /* InfoPlist.strings in Resources */ = {isa = PBXBuildFile; fileRef = 88951F89160BFF2C004195C3 /* InfoPlist.strings */; };
		88951F8D160BFF2C004195C3 /* main.m in Sources */ = {isa = PBXBuildFile; fileRef = 88951F8C160BFF2C004195C3 /* main.m */; };
		88951F91160BFF2C004195C3 /* AppDelegate.m in Sources */ = {isa = PBXBuildFile; fileRef = 88951F90160BFF2C004195C3 /* AppDelegate.m */; };
		88951F93160BFF2C004195C3 /* Default.png in Resources */ = {isa = PBXBuildFile; fileRef = 88951F92160BFF2C004195C3 /* Default.png */; };
		88951F95160BFF2C004195C3 /* Default@2x.png in Resources */ = {isa = PBXBuildFile; fileRef = 88951F94160BFF2C004195C3 /* Default@2x.png */; };
		88951F97160BFF2C004195C3 /* Default-568h@2x.png in Resources */ = {isa = PBXBuildFile; fileRef = 88951F96160BFF2C004195C3 /* Default-568h@2x.png */; };
		88951F9A160BFF2C004195C3 /* ViewController.m in Sources */ = {isa = PBXBuildFile; fileRef = 88951F99160BFF2C004195C3 /* ViewController.m */; };
		88951F9D160BFF2C004195C3 /* ViewController.xib in Resources */ = {isa = PBXBuildFile; fileRef = 88951F9B160BFF2C004195C3 /* ViewController.xib */; };
		88951FA6160BFF4C004195C3 /* ScrollPageView.m in Sources */ = {isa = PBXBuildFile; fileRef = 88951FA5160BFF4C004195C3 /* ScrollPageView.m */; };
/* End PBXBuildFile section */

/* Begin PBXFileReference section */
		88951F7C160BFF2C004195C3 /* PageView.app */ = {isa = PBXFileReference; explicitFileType = wrapper.application; includeInIndex = 0; path = PageView.app; sourceTree = BUILT_PRODUCTS_DIR; };
		88951F80160BFF2C004195C3 /* UIKit.framework */ = {isa = PBXFileReference; lastKnownFileType = wrapper.framework; name = UIKit.framework; path = System/Library/Frameworks/UIKit.framework; sourceTree = SDKROOT; };
		88951F82160BFF2C004195C3 /* Foundation.framework */ = {isa = PBXFileReference; lastKnownFileType = wrapper.framework; name = Foundation.framework; path = System/Library/Frameworks/Foundation.framework; sourceTree = SDKROOT; };
		88951F84160BFF2C004195C3 /* CoreGraphics.framework */ = {isa = PBXFileReference; lastKnownFileType = wrapper.framework; name = CoreGraphics.framework; path = System/Library/Frameworks/CoreGraphics.framework; sourceTree = SDKROOT; };
		88951F88160BFF2C004195C3 /* PageView-Info.plist */ = {isa = PBXFileReference; lastKnownFileType = text.plist.xml; path = "PageView-Info.plist"; sourceTree = "<group>"; };
		88951F8A160BFF2C004195C3 /* en */ = {isa = PBXFileReference; lastKnownFileType = text.plist.strings; name = en; path = en.lproj/InfoPlist.strings; sourceTree = "<group>"; };
		88951F8C160BFF2C004195C3 /* main.m */ = {isa = PBXFileReference; lastKnownFileType = sourcecode.c.objc; path = main.m; sourceTree = "<group>"; };
		88951F8E160BFF2C004195C3 /* PageView-Prefix.pch */ = {isa = PBXFileReference; lastKnownFileType = sourcecode.c.h; path = "PageView-Prefix.pch"; sourceTree = "<group>"; };
		88951F8F160BFF2C004195C3 /* AppDelegate.h */ = {isa = PBXFileReference; lastKnownFileType = sourcecode.c.h; path = AppDelegate.h; sourceTree = "<group>"; };
		88951F90160BFF2C004195C3 /* AppDelegate.m */ = {isa = PBXFileReference; lastKnownFileType = sourcecode.c.objc; path = AppDelegate.m; sourceTree = "<group>"; };
		88951F92160BFF2C004195C3 /* Default.png */ = {isa = PBXFileReference; lastKnownFileType = image.png; path = Default.png; sourceTree = "<group>"; };
		88951F94160BFF2C004195C3 /* Default@2x.png */ = {isa = PBXFileReference; lastKnownFileType = image.png; path = "Default@2x.png"; sourceTree = "<group>"; };
		88951F96160BFF2C004195C3 /* Default-568h@2x.png */ = {isa = PBXFileReference; lastKnownFileType = image.png; path = "Default-568h@2x.png"; sourceTree = "<group>"; };
		88951F98160BFF2C004195C3 /* ViewController.h */ = {isa = PBXFileReference; lastKnownFileType = sourcecode.c.h; path = ViewController.h; sourceTree = "<group>"; };
		88951F99160BFF2C004195C3 /* ViewController.m */ = {isa = PBXFileReference; lastKnownFileType = sourcecode.c.objc; path = ViewController.m; sourceTree = "<group>"; };
		88951F9C160BFF2C004195C3 /* en */ = {isa = PBXFileReference; lastKnownFileType = file.xib; name = en; path = en.lproj/ViewController.xib; sourceTree = "<group>"; };
		88951FA4160BFF4C004195C3 /* ScrollPageView.h */ = {isa = PBXFileReference; fileEncoding = 4; lastKnownFileType = sourcecode.c.h; path = ScrollPageView.h; sourceTree = "<group>"; };
		88951FA5160BFF4C004195C3 /* ScrollPageView.m */ = {isa = PBXFileReference; fileEncoding = 4; lastKnownFileType = sourcecode.c.objc; path = ScrollPageView.m; sourceTree = "<group>"; };
/* End PBXFileReference section */

/* Begin PBXFrameworksBuildPhase section */
		88951F79160BFF2C004195C3 /* Frameworks */ = {
			isa = PBXFrameworksBuildPhase;
			buildActionMask = 2147483647;
			files = (
				88951F81160BFF2C004195C3 /* UIKit.framework in Frameworks */,
				88951F83160BFF2C004195C3 /* Foundation.framework in Frameworks */,
				88951F85160BFF2C004195C3 /* CoreGraphics.framework in Frameworks */,
			);
			runOnlyForDeploymentPostprocessing = 0;
		};
/* End PBXFrameworksBuildPhase section */

/* Begin PBXGroup section */
		88951F71160BFF2C004195C3 = {
			isa = PBXGroup;
			children = (
				88951F86160BFF2C004195C3 /* PageView */,
				88951F7F160BFF2C004195C3 /* Frameworks */,
				88951F7D160BFF2C004195C3 /* Products */,
			);
			sourceTree = "<group>";
		};
		88951F7D160BFF2C004195C3 /* Products */ = {
			isa = PBXGroup;
			children = (
				88951F7C160BFF2C004195C3 /* PageView.app */,
			);
			name = Products;
			sourceTree = "<group>";
		};
		88951F7F160BFF2C004195C3 /* Frameworks */ = {
			isa = PBXGroup;
			children = (
				88951F80160BFF2C004195C3 /* UIKit.framework */,
				88951F82160BFF2C004195C3 /* Foundation.framework */,
				88951F84160BFF2C004195C3 /* CoreGraphics.framework */,
			);
			name = Frameworks;
			sourceTree = "<group>";
		};
		88951F86160BFF2C004195C3 /* PageView */ = {
			isa = PBXGroup;
			children = (
				88951FA3160BFF4C004195C3 /* ScrollPageView */,
				88951F8F160BFF2C004195C3 /* AppDelegate.h */,
				88951F90160BFF2C004195C3 /* AppDelegate.m */,
				88951F98160BFF2C004195C3 /* ViewController.h */,
				88951F99160BFF2C004195C3 /* ViewController.m */,
				88951F9B160BFF2C004195C3 /* ViewController.xib */,
				88951F87160BFF2C004195C3 /* Supporting Files */,
			);
			path = PageView;
			sourceTree = "<group>";
		};
		88951F87160BFF2C004195C3 /* Supporting Files */ = {
			isa = PBXGroup;
			children = (
				88951F88160BFF2C004195C3 /* PageView-Info.plist */,
				88951F89160BFF2C004195C3 /* InfoPlist.strings */,
				88951F8C160BFF2C004195C3 /* main.m */,
				88951F8E160BFF2C004195C3 /* PageView-Prefix.pch */,
				88951F92160BFF2C004195C3 /* Default.png */,
				88951F94160BFF2C004195C3 /* Default@2x.png */,
				88951F96160BFF2C004195C3 /* Default-568h@2x.png */,
			);
			name = "Supporting Files";
			sourceTree = "<group>";
		};
		88951FA3160BFF4C004195C3 /* ScrollPageView */ = {
			isa = PBXGroup;
			children = (
				88951FA4160BFF4C004195C3 /* ScrollPageView.h */,
				88951FA5160BFF4C004195C3 /* ScrollPageView.m */,
			);
			name = ScrollPageView;
			path = ../../../ScrollPageView;
			sourceTree = "<group>";
		};
/* End PBXGroup section */

/* Begin PBXNativeTarget section */
		88951F7B160BFF2C004195C3 /* PageView */ = {
			isa = PBXNativeTarget;
			buildConfigurationList = 88951FA0160BFF2C004195C3 /* Build configuration list for PBXNativeTarget "PageView" */;
			buildPhases = (
				88951F78160BFF2C004195C3 /* Sources */,
				88951F79160BFF2C004195C3 /* Frameworks */,
				88951F7A160BFF2C004195C3 /* Resources */,
			);
			buildRules = (
			);
			dependencies = (
			);
			name = PageView;
			productName = PageView;
			productReference = 88951F7C160BFF2C004195C3 /* PageView.app */;
			productType = "com.apple.product-type.application";
		};
/* End PBXNativeTarget section */

/* Begin PBXProject section */
		88951F73160BFF2C004195C3 /* Project object */ = {
			isa = PBXProject;
			attributes = {
				LastUpgradeCheck = 0450;
				ORGANIZATIONNAME = Jesse;
			};
			buildConfigurationList = 88951F76160BFF2C004195C3 /* Build configuration list for PBXProject "PageView" */;
			compatibilityVersion = "Xcode 3.2";
			developmentRegion = English;
			hasScannedForEncodings = 0;
			knownRegions = (
				en,
			);
			mainGroup = 88951F71160BFF2C004195C3;
			productRefGroup = 88951F7D160BFF2C004195C3 /* Products */;
			projectDirPath = "";
			projectRoot = "";
			targets = (
				88951F7B160BFF2C004195C3 /* PageView */,
			);
		};
/* End PBXProject section */

/* Begin PBXResourcesBuildPhase section */
		88951F7A160BFF2C004195C3 /* Resources */ = {
			isa = PBXResourcesBuildPhase;
			buildActionMask = 2147483647;
			files = (
				88951F8B160BFF2C004195C3 /* InfoPlist.strings in Resources */,
				88951F93160BFF2C004195C3 /* Default.png in Resources */,
				88951F95160BFF2C004195C3 /* Default@2x.png in Resources */,
				88951F97160BFF2C004195C3 /* Default-568h@2x.png in Resources */,
				88951F9D160BFF2C004195C3 /* ViewController.xib in Resources */,
			);
			runOnlyForDeploymentPostprocessing = 0;
		};
/* End PBXResourcesBuildPhase section */

/* Begin PBXSourcesBuildPhase section */
		88951F78160BFF2C004195C3 /* Sources */ = {
			isa = PBXSourcesBuildPhase;
			buildActionMask = 2147483647;
			files = (
				88951F8D160BFF2C004195C3 /* main.m in Sources */,
				88951F91160BFF2C004195C3 /* AppDelegate.m in Sources */,
				88951F9A160BFF2C004195C3 /* ViewController.m in Sources */,
				88951FA6160BFF4C004195C3 /* ScrollPageView.m in Sources */,
			);
			runOnlyForDeploymentPostprocessing = 0;
		};
/* End PBXSourcesBuildPhase section */

/* Begin PBXVariantGroup section */
		88951F89160BFF2C004195C3 /* InfoPlist.strings */ = {
			isa = PBXVariantGroup;
			children = (
				88951F8A160BFF2C004195C3 /* en */,
			);
			name = InfoPlist.strings;
			sourceTree = "<group>";
		};
		88951F9B160BFF2C004195C3 /* ViewController.xib */ = {
			isa = PBXVariantGroup;
			children = (
				88951F9C160BFF2C004195C3 /* en */,
			);
			name = ViewController.xib;
			sourceTree = "<group>";
		};
/* End PBXVariantGroup section */

/* Begin XCBuildConfiguration section */
		88951F9E160BFF2C004195C3 /* Debug */ = {
			isa = XCBuildConfiguration;
			buildSettings = {
				ALWAYS_SEARCH_USER_PATHS = NO;
				CLANG_CXX_LANGUAGE_STANDARD = "gnu++0x";
				CLANG_CXX_LIBRARY = "libc++";
				CLANG_WARN_EMPTY_BODY = YES;
				CLANG_WARN__DUPLICATE_METHOD_MATCH = YES;
				"CODE_SIGN_IDENTITY[sdk=iphoneos*]" = "iPhone Developer";
				COPY_PHASE_STRIP = NO;
				GCC_C_LANGUAGE_STANDARD = gnu99;
				GCC_DYNAMIC_NO_PIC = NO;
				GCC_OPTIMIZATION_LEVEL = 0;
				GCC_PREPROCESSOR_DEFINITIONS = (
					"DEBUG=1",
					"$(inherited)",
				);
				GCC_SYMBOLS_PRIVATE_EXTERN = NO;
				GCC_WARN_ABOUT_RETURN_TYPE = YES;
				GCC_WARN_UNINITIALIZED_AUTOS = YES;
				GCC_WARN_UNUSED_VARIABLE = YES;
				IPHONEOS_DEPLOYMENT_TARGET = 6.0;
				SDKROOT = iphoneos;
			};
			name = Debug;
		};
		88951F9F160BFF2C004195C3 /* Release */ = {
			isa = XCBuildConfiguration;
			buildSettings = {
				ALWAYS_SEARCH_USER_PATHS = NO;
				CLANG_CXX_LANGUAGE_STANDARD = "gnu++0x";
				CLANG_CXX_LIBRARY = "libc++";
				CLANG_WARN_EMPTY_BODY = YES;
				CLANG_WARN__DUPLICATE_METHOD_MATCH = YES;
				"CODE_SIGN_IDENTITY[sdk=iphoneos*]" = "iPhone Developer";
				COPY_PHASE_STRIP = YES;
				GCC_C_LANGUAGE_STANDARD = gnu99;
				GCC_WARN_ABOUT_RETURN_TYPE = YES;
				GCC_WARN_UNINITIALIZED_AUTOS = YES;
				GCC_WARN_UNUSED_VARIABLE = YES;
				IPHONEOS_DEPLOYMENT_TARGET = 6.0;
				OTHER_CFLAGS = "-DNS_BLOCK_ASSERTIONS=1";
				SDKROOT = iphoneos;
				VALIDATE_PRODUCT = YES;
			};
			name = Release;
		};
		88951FA1160BFF2C004195C3 /* Debug */ = {
			isa = XCBuildConfiguration;
			buildSettings = {
				GCC_PRECOMPILE_PREFIX_HEADER = YES;
				GCC_PREFIX_HEADER = "PageView/PageView-Prefix.pch";
				INFOPLIST_FILE = "PageView/PageView-Info.plist";
				IPHONEOS_DEPLOYMENT_TARGET = 5.1;
				PRODUCT_NAME = "$(TARGET_NAME)";
				WRAPPER_EXTENSION = app;
			};
			name = Debug;
		};
		88951FA2160BFF2C004195C3 /* Release */ = {
			isa = XCBuildConfiguration;
			buildSettings = {
				GCC_PRECOMPILE_PREFIX_HEADER = YES;
				GCC_PREFIX_HEADER = "PageView/PageView-Prefix.pch";
				INFOPLIST_FILE = "PageView/PageView-Info.plist";
				IPHONEOS_DEPLOYMENT_TARGET = 5.1;
				PRODUCT_NAME = "$(TARGET_NAME)";
				WRAPPER_EXTENSION = app;
			};
			name = Release;
		};
/* End XCBuildConfiguration section */

/* Begin XCConfigurationList section */
		88951F76160BFF2C004195C3 /* Build configuration list for PBXProject "PageView" */ = {
			isa = XCConfigurationList;
			buildConfigurations = (
				88951F9E160BFF2C004195C3 /* Debug */,
				88951F9F160BFF2C004195C3 /* Release */,
			);
			defaultConfigurationIsVisible = 0;
			defaultConfigurationName = Release;
		};
		88951FA0160BFF2C004195C3 /* Build configuration list for PBXNativeTarget "PageView" */ = {
			isa = XCConfigurationList;
			buildConfigurations = (
				88951FA1160BFF2C004195C3 /* Debug */,
				88951FA2160BFF2C004195C3 /* Release */,
			);
			defaultConfigurationIsVisible = 0;
		};
/* End XCConfigurationList section */
	};
	rootObject = 88951F73160BFF2C004195C3 /* Project object */;
}
